
Microsoft Visual Studio Solution File, Format Version 12.00
# Visual Studio 15
VisualStudioVersion = 15.0.28307.572
MinimumVisualStudioVersion = 10.0.40219.1
Project("{FAE04EC0-301F-11D3-BF4B-00C04F79EFBC}") = "PageLifeCycle", "PageLifeCycle\PageLifeCycle.csproj", "{0B330AA9-FFDA-48A9-A479-6802BC4AEC1B}"
EndProject
Global
	GlobalSection(SolutionConfigurationPlatforms) = preSolution
		Debug|Any CPU = Debug|Any CPU
		Release|Any CPU = Release|Any CPU
	EndGlobalSection
	GlobalSection(ProjectConfigurationPlatforms) = postSolution
		{0B330AA9-FFDA-48A9-A479-6802BC4AEC1B}.Debug|Any CPU.ActiveCfg = Debug|Any CPU
		{0B330AA9-FFDA-48A9-A479-6802BC4AEC1B}.Debug|Any CPU.Build.0 = Debug|Any CPU
		{0B330AA9-FFDA-48A9-A479-6802BC4AEC1B}.Release|Any CPU.ActiveCfg = Release|Any CPU
		{0B330AA9-FFDA-48A9-A479-6802BC4AEC1B}.Release|Any CPU.Build.0 = Release|Any CPU
	EndGlobalSection
	GlobalSection(SolutionProperties) = preSolution
		HideSolutionNode = FALSE
	EndGlobalSection
	GlobalSection(ExtensibilityGlobals) = postSolution
		SolutionGuid = {E3D7F3E0-24F3-4F7C-85CA-CC0FA42B527C}
	EndGlobalSection
EndGlobal
