
Microsoft Visual Studio Solution File, Format Version 12.00
# Visual Studio 15
VisualStudioVersion = 15.0.28307.489
MinimumVisualStudioVersion = 10.0.40219.1
Project("{FAE04EC0-301F-11D3-BF4B-00C04F79EFBC}") = "ValidationBasics", "ValidationBasics\ValidationBasics.csproj", "{BA9615BC-E358-42F7-9DA3-52C74C547DDB}"
EndProject
Global
	GlobalSection(SolutionConfigurationPlatforms) = preSolution
		Debug|Any CPU = Debug|Any CPU
		Release|Any CPU = Release|Any CPU
	EndGlobalSection
	GlobalSection(ProjectConfigurationPlatforms) = postSolution
		{BA9615BC-E358-42F7-9DA3-52C74C547DDB}.Debug|Any CPU.ActiveCfg = Debug|Any CPU
		{BA9615BC-E358-42F7-9DA3-52C74C547DDB}.Debug|Any CPU.Build.0 = Debug|Any CPU
		{BA9615BC-E358-42F7-9DA3-52C74C547DDB}.Release|Any CPU.ActiveCfg = Release|Any CPU
		{BA9615BC-E358-42F7-9DA3-52C74C547DDB}.Release|Any CPU.Build.0 = Release|Any CPU
	EndGlobalSection
	GlobalSection(SolutionProperties) = preSolution
		HideSolutionNode = FALSE
	EndGlobalSection
	GlobalSection(ExtensibilityGlobals) = postSolution
		SolutionGuid = {D58B5E4E-1A28-48D5-ABE4-F7609E3143DC}
	EndGlobalSection
EndGlobal
