
Microsoft Visual Studio Solution File, Format Version 12.00
# Visual Studio 15
VisualStudioVersion = 15.0.28307.168
MinimumVisualStudioVersion = 10.0.40219.1
Project("{FAE04EC0-301F-11D3-BF4B-00C04F79EFBC}") = "ConsoleCommand", "ConsoleCommand\ConsoleCommand.csproj", "{DCDB09A9-D1BD-4FA9-8354-09445CEAE2BB}"
EndProject
Global
	GlobalSection(SolutionConfigurationPlatforms) = preSolution
		Debug|Any CPU = Debug|Any CPU
		Release|Any CPU = Release|Any CPU
	EndGlobalSection
	GlobalSection(ProjectConfigurationPlatforms) = postSolution
		{DCDB09A9-D1BD-4FA9-8354-09445CEAE2BB}.Debug|Any CPU.ActiveCfg = Debug|Any CPU
		{DCDB09A9-D1BD-4FA9-8354-09445CEAE2BB}.Debug|Any CPU.Build.0 = Debug|Any CPU
		{DCDB09A9-D1BD-4FA9-8354-09445CEAE2BB}.Release|Any CPU.ActiveCfg = Release|Any CPU
		{DCDB09A9-D1BD-4FA9-8354-09445CEAE2BB}.Release|Any CPU.Build.0 = Release|Any CPU
	EndGlobalSection
	GlobalSection(SolutionProperties) = preSolution
		HideSolutionNode = FALSE
	EndGlobalSection
	GlobalSection(ExtensibilityGlobals) = postSolution
		SolutionGuid = {FAFA4E4B-19D6-4DDD-B87F-B3B4DA667468}
	EndGlobalSection
EndGlobal
