
Microsoft Visual Studio Solution File, Format Version 12.00
# Visual Studio 15
VisualStudioVersion = 15.0.28307.1000
MinimumVisualStudioVersion = 10.0.40219.1
Project("{FAE04EC0-301F-11D3-BF4B-00C04F79EFBC}") = "FormsAppDatabaseTest", "FormsAppDatabaseTest\FormsAppDatabaseTest.csproj", "{598B6675-D078-4FAB-876A-F1F6945EB7D1}"
EndProject
Global
	GlobalSection(SolutionConfigurationPlatforms) = preSolution
		Debug|Any CPU = Debug|Any CPU
		Release|Any CPU = Release|Any CPU
	EndGlobalSection
	GlobalSection(ProjectConfigurationPlatforms) = postSolution
		{598B6675-D078-4FAB-876A-F1F6945EB7D1}.Debug|Any CPU.ActiveCfg = Debug|Any CPU
		{598B6675-D078-4FAB-876A-F1F6945EB7D1}.Debug|Any CPU.Build.0 = Debug|Any CPU
		{598B6675-D078-4FAB-876A-F1F6945EB7D1}.Release|Any CPU.ActiveCfg = Release|Any CPU
		{598B6675-D078-4FAB-876A-F1F6945EB7D1}.Release|Any CPU.Build.0 = Release|Any CPU
	EndGlobalSection
	GlobalSection(SolutionProperties) = preSolution
		HideSolutionNode = FALSE
	EndGlobalSection
	GlobalSection(ExtensibilityGlobals) = postSolution
		SolutionGuid = {75BD0EB2-B4D9-4D1F-BEC6-CB58F91FCFE2}
	EndGlobalSection
EndGlobal
