
Microsoft Visual Studio Solution File, Format Version 12.00
# Visual Studio 15
VisualStudioVersion = 15.0.28010.2026
MinimumVisualStudioVersion = 10.0.40219.1
Project("{FAE04EC0-301F-11D3-BF4B-00C04F79EFBC}") = "MethodReview", "Review\MethodReview.csproj", "{513DA80F-6DFF-4AC7-A5C0-CDE37EDE8F9B}"
EndProject
Project("{FAE04EC0-301F-11D3-BF4B-00C04F79EFBC}") = "ArrayReview", "ConsoleApp1\ArrayReview.csproj", "{9B0051A4-06C1-4A42-BBB9-4C8D47A6778E}"
EndProject
Project("{FAE04EC0-301F-11D3-BF4B-00C04F79EFBC}") = "MethodPractice1", "MethodPractice1\MethodPractice1.csproj", "{D9389695-EA36-4BCF-894C-1C00797BD7E5}"
EndProject
Global
	GlobalSection(SolutionConfigurationPlatforms) = preSolution
		Debug|Any CPU = Debug|Any CPU
		Release|Any CPU = Release|Any CPU
	EndGlobalSection
	GlobalSection(ProjectConfigurationPlatforms) = postSolution
		{513DA80F-6DFF-4AC7-A5C0-CDE37EDE8F9B}.Debug|Any CPU.ActiveCfg = Debug|Any CPU
		{513DA80F-6DFF-4AC7-A5C0-CDE37EDE8F9B}.Debug|Any CPU.Build.0 = Debug|Any CPU
		{513DA80F-6DFF-4AC7-A5C0-CDE37EDE8F9B}.Release|Any CPU.ActiveCfg = Release|Any CPU
		{513DA80F-6DFF-4AC7-A5C0-CDE37EDE8F9B}.Release|Any CPU.Build.0 = Release|Any CPU
		{9B0051A4-06C1-4A42-BBB9-4C8D47A6778E}.Debug|Any CPU.ActiveCfg = Debug|Any CPU
		{9B0051A4-06C1-4A42-BBB9-4C8D47A6778E}.Debug|Any CPU.Build.0 = Debug|Any CPU
		{9B0051A4-06C1-4A42-BBB9-4C8D47A6778E}.Release|Any CPU.ActiveCfg = Release|Any CPU
		{9B0051A4-06C1-4A42-BBB9-4C8D47A6778E}.Release|Any CPU.Build.0 = Release|Any CPU
		{D9389695-EA36-4BCF-894C-1C00797BD7E5}.Debug|Any CPU.ActiveCfg = Debug|Any CPU
		{D9389695-EA36-4BCF-894C-1C00797BD7E5}.Debug|Any CPU.Build.0 = Debug|Any CPU
		{D9389695-EA36-4BCF-894C-1C00797BD7E5}.Release|Any CPU.ActiveCfg = Release|Any CPU
		{D9389695-EA36-4BCF-894C-1C00797BD7E5}.Release|Any CPU.Build.0 = Release|Any CPU
	EndGlobalSection
	GlobalSection(SolutionProperties) = preSolution
		HideSolutionNode = FALSE
	EndGlobalSection
	GlobalSection(ExtensibilityGlobals) = postSolution
		SolutionGuid = {6A43AEF2-CF43-4388-814B-8588726BE338}
	EndGlobalSection
EndGlobal
