
Microsoft Visual Studio Solution File, Format Version 12.00
# Visual Studio 15
VisualStudioVersion = 15.0.28010.2026
MinimumVisualStudioVersion = 10.0.40219.1
Project("{FAE04EC0-301F-11D3-BF4B-00C04F79EFBC}") = "Substrings", "Substrings\Substrings.csproj", "{D8ADE370-6005-4293-836B-853C181D3A9C}"
EndProject
Project("{FAE04EC0-301F-11D3-BF4B-00C04F79EFBC}") = "StringManipulations", "StringManipulations\StringManipulations.csproj", "{98F3FAC4-0D14-4888-892C-807167C8245E}"
EndProject
Project("{FAE04EC0-301F-11D3-BF4B-00C04F79EFBC}") = "StringFormatting", "StringFormatting\StringFormatting.csproj", "{45816D9B-E44A-41CE-BB5F-C0A5A41FC8E8}"
EndProject
Project("{FAE04EC0-301F-11D3-BF4B-00C04F79EFBC}") = "OddsandEnds", "OddsandEnds\OddsandEnds.csproj", "{A2EB0645-68F5-4BC9-BB8B-6E5FC1A05B39}"
EndProject
Global
	GlobalSection(SolutionConfigurationPlatforms) = preSolution
		Debug|Any CPU = Debug|Any CPU
		Release|Any CPU = Release|Any CPU
	EndGlobalSection
	GlobalSection(ProjectConfigurationPlatforms) = postSolution
		{D8ADE370-6005-4293-836B-853C181D3A9C}.Debug|Any CPU.ActiveCfg = Debug|Any CPU
		{D8ADE370-6005-4293-836B-853C181D3A9C}.Debug|Any CPU.Build.0 = Debug|Any CPU
		{D8ADE370-6005-4293-836B-853C181D3A9C}.Release|Any CPU.ActiveCfg = Release|Any CPU
		{D8ADE370-6005-4293-836B-853C181D3A9C}.Release|Any CPU.Build.0 = Release|Any CPU
		{98F3FAC4-0D14-4888-892C-807167C8245E}.Debug|Any CPU.ActiveCfg = Debug|Any CPU
		{98F3FAC4-0D14-4888-892C-807167C8245E}.Debug|Any CPU.Build.0 = Debug|Any CPU
		{98F3FAC4-0D14-4888-892C-807167C8245E}.Release|Any CPU.ActiveCfg = Release|Any CPU
		{98F3FAC4-0D14-4888-892C-807167C8245E}.Release|Any CPU.Build.0 = Release|Any CPU
		{45816D9B-E44A-41CE-BB5F-C0A5A41FC8E8}.Debug|Any CPU.ActiveCfg = Debug|Any CPU
		{45816D9B-E44A-41CE-BB5F-C0A5A41FC8E8}.Debug|Any CPU.Build.0 = Debug|Any CPU
		{45816D9B-E44A-41CE-BB5F-C0A5A41FC8E8}.Release|Any CPU.ActiveCfg = Release|Any CPU
		{45816D9B-E44A-41CE-BB5F-C0A5A41FC8E8}.Release|Any CPU.Build.0 = Release|Any CPU
		{A2EB0645-68F5-4BC9-BB8B-6E5FC1A05B39}.Debug|Any CPU.ActiveCfg = Debug|Any CPU
		{A2EB0645-68F5-4BC9-BB8B-6E5FC1A05B39}.Debug|Any CPU.Build.0 = Debug|Any CPU
		{A2EB0645-68F5-4BC9-BB8B-6E5FC1A05B39}.Release|Any CPU.ActiveCfg = Release|Any CPU
		{A2EB0645-68F5-4BC9-BB8B-6E5FC1A05B39}.Release|Any CPU.Build.0 = Release|Any CPU
	EndGlobalSection
	GlobalSection(SolutionProperties) = preSolution
		HideSolutionNode = FALSE
	EndGlobalSection
	GlobalSection(ExtensibilityGlobals) = postSolution
		SolutionGuid = {7C57B491-E8D5-4BD6-A64D-5554F3FF0E89}
	EndGlobalSection
EndGlobal
