
Microsoft Visual Studio Solution File, Format Version 12.00
# Visual Studio 15
VisualStudioVersion = 15.0.28307.1000
MinimumVisualStudioVersion = 10.0.40219.1
Project("{FAE04EC0-301F-11D3-BF4B-00C04F79EFBC}") = "Password Manager Capstone", "Password Manager Capstone\Password Manager Capstone.csproj", "{4DBAF26B-ADC4-4ABC-843F-DFCA01600FB3}"
EndProject
Global
	GlobalSection(SolutionConfigurationPlatforms) = preSolution
		Debug|Any CPU = Debug|Any CPU
		Release|Any CPU = Release|Any CPU
	EndGlobalSection
	GlobalSection(ProjectConfigurationPlatforms) = postSolution
		{4DBAF26B-ADC4-4ABC-843F-DFCA01600FB3}.Debug|Any CPU.ActiveCfg = Debug|Any CPU
		{4DBAF26B-ADC4-4ABC-843F-DFCA01600FB3}.Debug|Any CPU.Build.0 = Debug|Any CPU
		{4DBAF26B-ADC4-4ABC-843F-DFCA01600FB3}.Release|Any CPU.ActiveCfg = Release|Any CPU
		{4DBAF26B-ADC4-4ABC-843F-DFCA01600FB3}.Release|Any CPU.Build.0 = Release|Any CPU
	EndGlobalSection
	GlobalSection(SolutionProperties) = preSolution
		HideSolutionNode = FALSE
	EndGlobalSection
	GlobalSection(ExtensibilityGlobals) = postSolution
		SolutionGuid = {D28EFEBA-B503-48F7-B33B-70E680A26334}
	EndGlobalSection
EndGlobal
