
Microsoft Visual Studio Solution File, Format Version 12.00
# Visual Studio 15
VisualStudioVersion = 15.0.28307.489
MinimumVisualStudioVersion = 10.0.40219.1
Project("{FAE04EC0-301F-11D3-BF4B-00C04F79EFBC}") = "RegexAssignmentTimtohy", "RegexAssignmentTimtohy\RegexAssignmentTimtohy.csproj", "{7E3C68F5-5E97-48B3-A602-A2D7D7C86164}"
EndProject
Global
	GlobalSection(SolutionConfigurationPlatforms) = preSolution
		Debug|Any CPU = Debug|Any CPU
		Release|Any CPU = Release|Any CPU
	EndGlobalSection
	GlobalSection(ProjectConfigurationPlatforms) = postSolution
		{7E3C68F5-5E97-48B3-A602-A2D7D7C86164}.Debug|Any CPU.ActiveCfg = Debug|Any CPU
		{7E3C68F5-5E97-48B3-A602-A2D7D7C86164}.Debug|Any CPU.Build.0 = Debug|Any CPU
		{7E3C68F5-5E97-48B3-A602-A2D7D7C86164}.Release|Any CPU.ActiveCfg = Release|Any CPU
		{7E3C68F5-5E97-48B3-A602-A2D7D7C86164}.Release|Any CPU.Build.0 = Release|Any CPU
	EndGlobalSection
	GlobalSection(SolutionProperties) = preSolution
		HideSolutionNode = FALSE
	EndGlobalSection
	GlobalSection(ExtensibilityGlobals) = postSolution
		SolutionGuid = {3F8B6F11-9456-4032-848C-412C7FAC028C}
	EndGlobalSection
EndGlobal
