
Microsoft Visual Studio Solution File, Format Version 12.00
# Visual Studio 15
VisualStudioVersion = 15.0.28307.168
MinimumVisualStudioVersion = 10.0.40219.1
Project("{FAE04EC0-301F-11D3-BF4B-00C04F79EFBC}") = "Exam_3_Winter_2019", "Exam_3_Winter_2019\Exam_3_Winter_2019.csproj", "{24203CAF-FBB7-4BD4-AA6A-96A725D21FB9}"
EndProject
Global
	GlobalSection(SolutionConfigurationPlatforms) = preSolution
		Debug|Any CPU = Debug|Any CPU
		Release|Any CPU = Release|Any CPU
	EndGlobalSection
	GlobalSection(ProjectConfigurationPlatforms) = postSolution
		{24203CAF-FBB7-4BD4-AA6A-96A725D21FB9}.Debug|Any CPU.ActiveCfg = Debug|Any CPU
		{24203CAF-FBB7-4BD4-AA6A-96A725D21FB9}.Debug|Any CPU.Build.0 = Debug|Any CPU
		{24203CAF-FBB7-4BD4-AA6A-96A725D21FB9}.Release|Any CPU.ActiveCfg = Release|Any CPU
		{24203CAF-FBB7-4BD4-AA6A-96A725D21FB9}.Release|Any CPU.Build.0 = Release|Any CPU
	EndGlobalSection
	GlobalSection(SolutionProperties) = preSolution
		HideSolutionNode = FALSE
	EndGlobalSection
	GlobalSection(ExtensibilityGlobals) = postSolution
		SolutionGuid = {885167AC-6464-4B36-B46D-5E8943D90368}
	EndGlobalSection
EndGlobal
