
Microsoft Visual Studio Solution File, Format Version 12.00
# Visual Studio 15
VisualStudioVersion = 15.0.28307.645
MinimumVisualStudioVersion = 10.0.40219.1
Project("{FAE04EC0-301F-11D3-BF4B-00C04F79EFBC}") = "DiceRollerPersonal", "DiceRoller\DiceRollerPersonal.csproj", "{D657C328-667F-4ECF-941B-D6D19B3B30EF}"
EndProject
Global
	GlobalSection(SolutionConfigurationPlatforms) = preSolution
		Debug|Any CPU = Debug|Any CPU
		Release|Any CPU = Release|Any CPU
	EndGlobalSection
	GlobalSection(ProjectConfigurationPlatforms) = postSolution
		{D657C328-667F-4ECF-941B-D6D19B3B30EF}.Debug|Any CPU.ActiveCfg = Debug|Any CPU
		{D657C328-667F-4ECF-941B-D6D19B3B30EF}.Debug|Any CPU.Build.0 = Debug|Any CPU
		{D657C328-667F-4ECF-941B-D6D19B3B30EF}.Release|Any CPU.ActiveCfg = Release|Any CPU
		{D657C328-667F-4ECF-941B-D6D19B3B30EF}.Release|Any CPU.Build.0 = Release|Any CPU
	EndGlobalSection
	GlobalSection(SolutionProperties) = preSolution
		HideSolutionNode = FALSE
	EndGlobalSection
	GlobalSection(ExtensibilityGlobals) = postSolution
		SolutionGuid = {9AF5DDB7-9263-47BA-B4E6-B1A88C91E857}
	EndGlobalSection
EndGlobal
