
Microsoft Visual Studio Solution File, Format Version 12.00
# Visual Studio 15
VisualStudioVersion = 15.0.28010.2026
MinimumVisualStudioVersion = 10.0.40219.1
Project("{FAE04EC0-301F-11D3-BF4B-00C04F79EFBC}") = "HandlingUserInputConsole", "HandlingUserInputConsole\HandlingUserInputConsole.csproj", "{47A6FB6C-0057-45D0-85A2-BE21D8FBC128}"
EndProject
Project("{FAE04EC0-301F-11D3-BF4B-00C04F79EFBC}") = "If-Else Logic", "If-Else Logic\If-Else Logic.csproj", "{8A54664B-A8C6-4E31-A7DD-A19100840603}"
EndProject
Global
	GlobalSection(SolutionConfigurationPlatforms) = preSolution
		Debug|Any CPU = Debug|Any CPU
		Release|Any CPU = Release|Any CPU
	EndGlobalSection
	GlobalSection(ProjectConfigurationPlatforms) = postSolution
		{47A6FB6C-0057-45D0-85A2-BE21D8FBC128}.Debug|Any CPU.ActiveCfg = Debug|Any CPU
		{47A6FB6C-0057-45D0-85A2-BE21D8FBC128}.Debug|Any CPU.Build.0 = Debug|Any CPU
		{47A6FB6C-0057-45D0-85A2-BE21D8FBC128}.Release|Any CPU.ActiveCfg = Release|Any CPU
		{47A6FB6C-0057-45D0-85A2-BE21D8FBC128}.Release|Any CPU.Build.0 = Release|Any CPU
		{8A54664B-A8C6-4E31-A7DD-A19100840603}.Debug|Any CPU.ActiveCfg = Debug|Any CPU
		{8A54664B-A8C6-4E31-A7DD-A19100840603}.Debug|Any CPU.Build.0 = Debug|Any CPU
		{8A54664B-A8C6-4E31-A7DD-A19100840603}.Release|Any CPU.ActiveCfg = Release|Any CPU
		{8A54664B-A8C6-4E31-A7DD-A19100840603}.Release|Any CPU.Build.0 = Release|Any CPU
	EndGlobalSection
	GlobalSection(SolutionProperties) = preSolution
		HideSolutionNode = FALSE
	EndGlobalSection
	GlobalSection(ExtensibilityGlobals) = postSolution
		SolutionGuid = {C02D56FA-2D94-4B5F-B5DC-835FD2E094D0}
	EndGlobalSection
EndGlobal
