
Microsoft Visual Studio Solution File, Format Version 12.00
# Visual Studio 15
VisualStudioVersion = 15.0.28307.489
MinimumVisualStudioVersion = 10.0.40219.1
Project("{FAE04EC0-301F-11D3-BF4B-00C04F79EFBC}") = "RegularExpression", "RegularExpression\RegularExpression.csproj", "{EDB31B0C-F01E-484E-8DC6-FE65F22EB866}"
EndProject
Global
	GlobalSection(SolutionConfigurationPlatforms) = preSolution
		Debug|Any CPU = Debug|Any CPU
		Release|Any CPU = Release|Any CPU
	EndGlobalSection
	GlobalSection(ProjectConfigurationPlatforms) = postSolution
		{EDB31B0C-F01E-484E-8DC6-FE65F22EB866}.Debug|Any CPU.ActiveCfg = Debug|Any CPU
		{EDB31B0C-F01E-484E-8DC6-FE65F22EB866}.Debug|Any CPU.Build.0 = Debug|Any CPU
		{EDB31B0C-F01E-484E-8DC6-FE65F22EB866}.Release|Any CPU.ActiveCfg = Release|Any CPU
		{EDB31B0C-F01E-484E-8DC6-FE65F22EB866}.Release|Any CPU.Build.0 = Release|Any CPU
	EndGlobalSection
	GlobalSection(SolutionProperties) = preSolution
		HideSolutionNode = FALSE
	EndGlobalSection
	GlobalSection(ExtensibilityGlobals) = postSolution
		SolutionGuid = {0942017F-80C7-4BAF-B1A1-4AE79C7F0DEE}
	EndGlobalSection
EndGlobal
